
Microsoft Visual Studio Solution File, Format Version 12.00
# Visual Studio Version 17
VisualStudioVersion = 17.8.34309.116
MinimumVisualStudioVersion = 10.0.40219.1
Project("{FAE04EC0-301F-11D3-BF4B-00C04F79EFBC}") = "GrpcService", "GrpcService\GrpcService.csproj", "{8FF705C7-4B60-469A-AB2B-4C38096DCDDC}"
EndProject
Global
	GlobalSection(SolutionConfigurationPlatforms) = preSolution
		Debug|Any CPU = Debug|Any CPU
		Release|Any CPU = Release|Any CPU
	EndGlobalSection
	GlobalSection(ProjectConfigurationPlatforms) = postSolution
		{8FF705C7-4B60-469A-AB2B-4C38096DCDDC}.Debug|Any CPU.ActiveCfg = Debug|Any CPU
		{8FF705C7-4B60-469A-AB2B-4C38096DCDDC}.Debug|Any CPU.Build.0 = Debug|Any CPU
		{8FF705C7-4B60-469A-AB2B-4C38096DCDDC}.Release|Any CPU.ActiveCfg = Release|Any CPU
		{8FF705C7-4B60-469A-AB2B-4C38096DCDDC}.Release|Any CPU.Build.0 = Release|Any CPU
	EndGlobalSection
	GlobalSection(SolutionProperties) = preSolution
		HideSolutionNode = FALSE
	EndGlobalSection
	GlobalSection(ExtensibilityGlobals) = postSolution
		SolutionGuid = {250C1A45-87E7-4786-A82C-F62681632A9C}
	EndGlobalSection
EndGlobal
