
Microsoft Visual Studio Solution File, Format Version 12.00
# Visual Studio Version 17
VisualStudioVersion = 17.8.34309.116
MinimumVisualStudioVersion = 10.0.40219.1
Project("{FAE04EC0-301F-11D3-BF4B-00C04F79EFBC}") = "Fundamentals", "Fundamentals\Fundamentals.csproj", "{4644F50B-399A-4F6D-91C4-0EFF7433C563}"
EndProject
Global
	GlobalSection(SolutionConfigurationPlatforms) = preSolution
		Debug|Any CPU = Debug|Any CPU
		Release|Any CPU = Release|Any CPU
	EndGlobalSection
	GlobalSection(ProjectConfigurationPlatforms) = postSolution
		{4644F50B-399A-4F6D-91C4-0EFF7433C563}.Debug|Any CPU.ActiveCfg = Debug|Any CPU
		{4644F50B-399A-4F6D-91C4-0EFF7433C563}.Debug|Any CPU.Build.0 = Debug|Any CPU
		{4644F50B-399A-4F6D-91C4-0EFF7433C563}.Release|Any CPU.ActiveCfg = Release|Any CPU
		{4644F50B-399A-4F6D-91C4-0EFF7433C563}.Release|Any CPU.Build.0 = Release|Any CPU
	EndGlobalSection
	GlobalSection(SolutionProperties) = preSolution
		HideSolutionNode = FALSE
	EndGlobalSection
	GlobalSection(ExtensibilityGlobals) = postSolution
		SolutionGuid = {C1357E3E-7257-4B16-9A33-F0B3981B551B}
	EndGlobalSection
EndGlobal
